// !$*UTF8*$!
{
	archiveVersion = 1;
	classes = {
	};
	objectVersion = 46;
	objects = {

/* Begin PBXBuildFile section */
		5C4C0422BE4EA3058CEF45FA /* Pods_MedApp.framework in Frameworks */ = {isa = PBXBuildFile; fileRef = 7183215F3AC4CF147A87BB47 /* Pods_MedApp.framework */; };
		CD07EFF91F41630B005F51AE /* ArticleTableViewCell.swift in Sources */ = {isa = PBXBuildFile; fileRef = CD07EFF81F41630B005F51AE /* ArticleTableViewCell.swift */; };
		CD0B8AFD1F41387A0085B164 /* MDCArticleBase.swift in Sources */ = {isa = PBXBuildFile; fileRef = CD0B8AF71F41387A0085B164 /* MDCArticleBase.swift */; };
		CD0B8AFE1F41387A0085B164 /* MDCAttribution.swift in Sources */ = {isa = PBXBuildFile; fileRef = CD0B8AF81F41387A0085B164 /* MDCAttribution.swift */; };
		CD0B8AFF1F41387A0085B164 /* MDCData.swift in Sources */ = {isa = PBXBuildFile; fileRef = CD0B8AF91F41387A0085B164 /* MDCData.swift */; };
		CD0B8B001F41387A0085B164 /* MDCMedia.swift in Sources */ = {isa = PBXBuildFile; fileRef = CD0B8AFA1F41387A0085B164 /* MDCMedia.swift */; };
		CD0B8B011F41387A0085B164 /* MDCPagination.swift in Sources */ = {isa = PBXBuildFile; fileRef = CD0B8AFB1F41387A0085B164 /* MDCPagination.swift */; };
		CD0B8B021F41387A0085B164 /* MDCTopics.swift in Sources */ = {isa = PBXBuildFile; fileRef = CD0B8AFC1F41387A0085B164 /* MDCTopics.swift */; };
		CD0B8B051F413A5F0085B164 /* MDCAPIManager.swift in Sources */ = {isa = PBXBuildFile; fileRef = CD0B8B041F413A5F0085B164 /* MDCAPIManager.swift */; };
		CD0B8B0A1F414D690085B164 /* ArticleListViewController.swift in Sources */ = {isa = PBXBuildFile; fileRef = CD0B8B091F414D690085B164 /* ArticleListViewController.swift */; };
		CD43C2611F3980720019D9E4 /* AppDelegate.swift in Sources */ = {isa = PBXBuildFile; fileRef = CD43C2601F3980720019D9E4 /* AppDelegate.swift */; };
		CD43C2661F3980720019D9E4 /* Main.storyboard in Resources */ = {isa = PBXBuildFile; fileRef = CD43C2641F3980720019D9E4 /* Main.storyboard */; };
		CD43C2681F3980720019D9E4 /* Assets.xcassets in Resources */ = {isa = PBXBuildFile; fileRef = CD43C2671F3980720019D9E4 /* Assets.xcassets */; };
		CD43C26B1F3980720019D9E4 /* LaunchScreen.storyboard in Resources */ = {isa = PBXBuildFile; fileRef = CD43C2691F3980720019D9E4 /* LaunchScreen.storyboard */; };
		CD43C2731F3982B60019D9E4 /* Constants.swift in Sources */ = {isa = PBXBuildFile; fileRef = CD43C2721F3982B60019D9E4 /* Constants.swift */; };
/* End PBXBuildFile section */

/* Begin PBXFileReference section */
		3C3C97FBD39D0D14D8CE1CC0 /* Pods-MedApp.debug.xcconfig */ = {isa = PBXFileReference; includeInIndex = 1; lastKnownFileType = text.xcconfig; name = "Pods-MedApp.debug.xcconfig"; path = "Pods/Target Support Files/Pods-MedApp/Pods-MedApp.debug.xcconfig"; sourceTree = "<group>"; };
		7183215F3AC4CF147A87BB47 /* Pods_MedApp.framework */ = {isa = PBXFileReference; explicitFileType = wrapper.framework; includeInIndex = 0; path = Pods_MedApp.framework; sourceTree = BUILT_PRODUCTS_DIR; };
		CD07EFF81F41630B005F51AE /* ArticleTableViewCell.swift */ = {isa = PBXFileReference; fileEncoding = 4; lastKnownFileType = sourcecode.swift; path = ArticleTableViewCell.swift; sourceTree = "<group>"; };
		CD0B8AF71F41387A0085B164 /* MDCArticleBase.swift */ = {isa = PBXFileReference; fileEncoding = 4; lastKnownFileType = sourcecode.swift; path = MDCArticleBase.swift; sourceTree = "<group>"; };
		CD0B8AF81F41387A0085B164 /* MDCAttribution.swift */ = {isa = PBXFileReference; fileEncoding = 4; lastKnownFileType = sourcecode.swift; path = MDCAttribution.swift; sourceTree = "<group>"; };
		CD0B8AF91F41387A0085B164 /* MDCData.swift */ = {isa = PBXFileReference; fileEncoding = 4; lastKnownFileType = sourcecode.swift; path = MDCData.swift; sourceTree = "<group>"; };
		CD0B8AFA1F41387A0085B164 /* MDCMedia.swift */ = {isa = PBXFileReference; fileEncoding = 4; lastKnownFileType = sourcecode.swift; path = MDCMedia.swift; sourceTree = "<group>"; };
		CD0B8AFB1F41387A0085B164 /* MDCPagination.swift */ = {isa = PBXFileReference; fileEncoding = 4; lastKnownFileType = sourcecode.swift; path = MDCPagination.swift; sourceTree = "<group>"; };
		CD0B8AFC1F41387A0085B164 /* MDCTopics.swift */ = {isa = PBXFileReference; fileEncoding = 4; lastKnownFileType = sourcecode.swift; path = MDCTopics.swift; sourceTree = "<group>"; };
		CD0B8B041F413A5F0085B164 /* MDCAPIManager.swift */ = {isa = PBXFileReference; fileEncoding = 4; lastKnownFileType = sourcecode.swift; name = MDCAPIManager.swift; path = MedApp/APIManager/MDCAPIManager.swift; sourceTree = SOURCE_ROOT; };
		CD0B8B091F414D690085B164 /* ArticleListViewController.swift */ = {isa = PBXFileReference; fileEncoding = 4; lastKnownFileType = sourcecode.swift; path = ArticleListViewController.swift; sourceTree = "<group>"; };
		CD43C25D1F3980720019D9E4 /* MedApp.app */ = {isa = PBXFileReference; explicitFileType = wrapper.application; includeInIndex = 0; path = MedApp.app; sourceTree = BUILT_PRODUCTS_DIR; };
		CD43C2601F3980720019D9E4 /* AppDelegate.swift */ = {isa = PBXFileReference; lastKnownFileType = sourcecode.swift; path = AppDelegate.swift; sourceTree = "<group>"; };
		CD43C2651F3980720019D9E4 /* Base */ = {isa = PBXFileReference; lastKnownFileType = file.storyboard; name = Base; path = Base.lproj/Main.storyboard; sourceTree = "<group>"; };
		CD43C2671F3980720019D9E4 /* Assets.xcassets */ = {isa = PBXFileReference; lastKnownFileType = folder.assetcatalog; path = Assets.xcassets; sourceTree = "<group>"; };
		CD43C26A1F3980720019D9E4 /* Base */ = {isa = PBXFileReference; lastKnownFileType = file.storyboard; name = Base; path = Base.lproj/LaunchScreen.storyboard; sourceTree = "<group>"; };
		CD43C26C1F3980720019D9E4 /* Info.plist */ = {isa = PBXFileReference; lastKnownFileType = text.plist.xml; path = Info.plist; sourceTree = "<group>"; };
		CD43C2721F3982B60019D9E4 /* Constants.swift */ = {isa = PBXFileReference; fileEncoding = 4; lastKnownFileType = sourcecode.swift; path = Constants.swift; sourceTree = "<group>"; };
		CD43C2741F3985060019D9E4 /* README.md */ = {isa = PBXFileReference; lastKnownFileType = net.daringfireball.markdown; path = README.md; sourceTree = "<group>"; };
		E4DC0644A99B5F1021FE2520 /* Pods-MedApp.release.xcconfig */ = {isa = PBXFileReference; includeInIndex = 1; lastKnownFileType = text.xcconfig; name = "Pods-MedApp.release.xcconfig"; path = "Pods/Target Support Files/Pods-MedApp/Pods-MedApp.release.xcconfig"; sourceTree = "<group>"; };
/* End PBXFileReference section */

/* Begin PBXFrameworksBuildPhase section */
		CD43C25A1F3980720019D9E4 /* Frameworks */ = {
			isa = PBXFrameworksBuildPhase;
			buildActionMask = 2147483647;
			files = (
				5C4C0422BE4EA3058CEF45FA /* Pods_MedApp.framework in Frameworks */,
			);
			runOnlyForDeploymentPostprocessing = 0;
		};
/* End PBXFrameworksBuildPhase section */

/* Begin PBXGroup section */
		5730B62A4A61EB7FBF1457F7 /* Pods */ = {
			isa = PBXGroup;
			children = (
				3C3C97FBD39D0D14D8CE1CC0 /* Pods-MedApp.debug.xcconfig */,
				E4DC0644A99B5F1021FE2520 /* Pods-MedApp.release.xcconfig */,
			);
			name = Pods;
			sourceTree = "<group>";
		};
		CD0B8B031F413A350085B164 /* APIManager */ = {
			isa = PBXGroup;
			children = (
				CD0B8B041F413A5F0085B164 /* MDCAPIManager.swift */,
			);
			path = APIManager;
			sourceTree = "<group>";
		};
		CD0B8B061F414D0F0085B164 /* Controller */ = {
			isa = PBXGroup;
			children = (
				CD0B8B091F414D690085B164 /* ArticleListViewController.swift */,
				CD07EFF81F41630B005F51AE /* ArticleTableViewCell.swift */,
			);
			path = Controller;
			sourceTree = "<group>";
		};
		CD43C2541F3980720019D9E4 = {
			isa = PBXGroup;
			children = (
				CD43C2741F3985060019D9E4 /* README.md */,
				CD43C25F1F3980720019D9E4 /* MedApp */,
				CD43C25E1F3980720019D9E4 /* Products */,
				5730B62A4A61EB7FBF1457F7 /* Pods */,
				E232A61D5D1F9FFA71CEEF59 /* Frameworks */,
			);
			sourceTree = "<group>";
		};
		CD43C25E1F3980720019D9E4 /* Products */ = {
			isa = PBXGroup;
			children = (
				CD43C25D1F3980720019D9E4 /* MedApp.app */,
			);
			name = Products;
			sourceTree = "<group>";
		};
		CD43C25F1F3980720019D9E4 /* MedApp */ = {
			isa = PBXGroup;
			children = (
				CD43C2601F3980720019D9E4 /* AppDelegate.swift */,
				CD43C2721F3982B60019D9E4 /* Constants.swift */,
				CD0B8B061F414D0F0085B164 /* Controller */,
				CD0B8B031F413A350085B164 /* APIManager */,
				CD43C2751F3995250019D9E4 /* Model */,
				CD43C2641F3980720019D9E4 /* Main.storyboard */,
				CD43C2671F3980720019D9E4 /* Assets.xcassets */,
				CD43C2691F3980720019D9E4 /* LaunchScreen.storyboard */,
				CD43C26C1F3980720019D9E4 /* Info.plist */,
			);
			path = MedApp;
			sourceTree = "<group>";
		};
		CD43C2751F3995250019D9E4 /* Model */ = {
			isa = PBXGroup;
			children = (
				CD0B8AF71F41387A0085B164 /* MDCArticleBase.swift */,
				CD0B8AF81F41387A0085B164 /* MDCAttribution.swift */,
				CD0B8AF91F41387A0085B164 /* MDCData.swift */,
				CD0B8AFA1F41387A0085B164 /* MDCMedia.swift */,
				CD0B8AFB1F41387A0085B164 /* MDCPagination.swift */,
				CD0B8AFC1F41387A0085B164 /* MDCTopics.swift */,
			);
			path = Model;
			sourceTree = "<group>";
		};
		E232A61D5D1F9FFA71CEEF59 /* Frameworks */ = {
			isa = PBXGroup;
			children = (
				7183215F3AC4CF147A87BB47 /* Pods_MedApp.framework */,
			);
			name = Frameworks;
			sourceTree = "<group>";
		};
/* End PBXGroup section */

/* Begin PBXNativeTarget section */
		CD43C25C1F3980720019D9E4 /* MedApp */ = {
			isa = PBXNativeTarget;
			buildConfigurationList = CD43C26F1F3980720019D9E4 /* Build configuration list for PBXNativeTarget "MedApp" */;
			buildPhases = (
				5ADCBB23145D14C5873DD7FF /* [CP] Check Pods Manifest.lock */,
				CD43C2591F3980720019D9E4 /* Sources */,
				CD43C25A1F3980720019D9E4 /* Frameworks */,
				CD43C25B1F3980720019D9E4 /* Resources */,
				8B040C9D01CCC9453C6A1FB1 /* [CP] Embed Pods Frameworks */,
				6846A120F7A7F11360660B8F /* [CP] Copy Pods Resources */,
			);
			buildRules = (
			);
			dependencies = (
			);
			name = MedApp;
			productName = MedApp;
			productReference = CD43C25D1F3980720019D9E4 /* MedApp.app */;
			productType = "com.apple.product-type.application";
		};
/* End PBXNativeTarget section */

/* Begin PBXProject section */
		CD43C2551F3980720019D9E4 /* Project object */ = {
			isa = PBXProject;
			attributes = {
				LastSwiftUpdateCheck = 0830;
				LastUpgradeCheck = 0830;
				ORGANIZATIONNAME = MedApp;
				TargetAttributes = {
					CD43C25C1F3980720019D9E4 = {
						CreatedOnToolsVersion = 8.3.3;
						ProvisioningStyle = Automatic;
					};
				};
			};
			buildConfigurationList = CD43C2581F3980720019D9E4 /* Build configuration list for PBXProject "MedApp" */;
			compatibilityVersion = "Xcode 3.2";
			developmentRegion = English;
			hasScannedForEncodings = 0;
			knownRegions = (
				en,
				Base,
			);
			mainGroup = CD43C2541F3980720019D9E4;
			productRefGroup = CD43C25E1F3980720019D9E4 /* Products */;
			projectDirPath = "";
			projectRoot = "";
			targets = (
				CD43C25C1F3980720019D9E4 /* MedApp */,
			);
		};
/* End PBXProject section */

/* Begin PBXResourcesBuildPhase section */
		CD43C25B1F3980720019D9E4 /* Resources */ = {
			isa = PBXResourcesBuildPhase;
			buildActionMask = 2147483647;
			files = (
				CD43C26B1F3980720019D9E4 /* LaunchScreen.storyboard in Resources */,
				CD43C2681F3980720019D9E4 /* Assets.xcassets in Resources */,
				CD43C2661F3980720019D9E4 /* Main.storyboard in Resources */,
			);
			runOnlyForDeploymentPostprocessing = 0;
		};
/* End PBXResourcesBuildPhase section */

/* Begin PBXShellScriptBuildPhase section */
		5ADCBB23145D14C5873DD7FF /* [CP] Check Pods Manifest.lock */ = {
			isa = PBXShellScriptBuildPhase;
			buildActionMask = 2147483647;
			files = (
			);
			inputPaths = (
			);
			name = "[CP] Check Pods Manifest.lock";
			outputPaths = (
			);
			runOnlyForDeploymentPostprocessing = 0;
			shellPath = /bin/sh;
			shellScript = "diff \"${PODS_ROOT}/../Podfile.lock\" \"${PODS_ROOT}/Manifest.lock\" > /dev/null\nif [ $? != 0 ] ; then\n    # print error to STDERR\n    echo \"error: The sandbox is not in sync with the Podfile.lock. Run 'pod install' or update your CocoaPods installation.\" >&2\n    exit 1\nfi\n";
			showEnvVarsInLog = 0;
		};
		6846A120F7A7F11360660B8F /* [CP] Copy Pods Resources */ = {
			isa = PBXShellScriptBuildPhase;
			buildActionMask = 2147483647;
			files = (
			);
			inputPaths = (
			);
			name = "[CP] Copy Pods Resources";
			outputPaths = (
			);
			runOnlyForDeploymentPostprocessing = 0;
			shellPath = /bin/sh;
			shellScript = "\"${SRCROOT}/Pods/Target Support Files/Pods-MedApp/Pods-MedApp-resources.sh\"\n";
			showEnvVarsInLog = 0;
		};
		8B040C9D01CCC9453C6A1FB1 /* [CP] Embed Pods Frameworks */ = {
			isa = PBXShellScriptBuildPhase;
			buildActionMask = 2147483647;
			files = (
			);
			inputPaths = (
			);
			name = "[CP] Embed Pods Frameworks";
			outputPaths = (
			);
			runOnlyForDeploymentPostprocessing = 0;
			shellPath = /bin/sh;
			shellScript = "\"${SRCROOT}/Pods/Target Support Files/Pods-MedApp/Pods-MedApp-frameworks.sh\"\n";
			showEnvVarsInLog = 0;
		};
/* End PBXShellScriptBuildPhase section */

/* Begin PBXSourcesBuildPhase section */
		CD43C2591F3980720019D9E4 /* Sources */ = {
			isa = PBXSourcesBuildPhase;
			buildActionMask = 2147483647;
			files = (
				CD43C2731F3982B60019D9E4 /* Constants.swift in Sources */,
				CD0B8AFD1F41387A0085B164 /* MDCArticleBase.swift in Sources */,
				CD0B8AFE1F41387A0085B164 /* MDCAttribution.swift in Sources */,
				CD0B8B011F41387A0085B164 /* MDCPagination.swift in Sources */,
				CD07EFF91F41630B005F51AE /* ArticleTableViewCell.swift in Sources */,
				CD0B8AFF1F41387A0085B164 /* MDCData.swift in Sources */,
				CD43C2611F3980720019D9E4 /* AppDelegate.swift in Sources */,
				CD0B8B051F413A5F0085B164 /* MDCAPIManager.swift in Sources */,
				CD0B8B0A1F414D690085B164 /* ArticleListViewController.swift in Sources */,
				CD0B8B001F41387A0085B164 /* MDCMedia.swift in Sources */,
				CD0B8B021F41387A0085B164 /* MDCTopics.swift in Sources */,
			);
			runOnlyForDeploymentPostprocessing = 0;
		};
/* End PBXSourcesBuildPhase section */

/* Begin PBXVariantGroup section */
		CD43C2641F3980720019D9E4 /* Main.storyboard */ = {
			isa = PBXVariantGroup;
			children = (
				CD43C2651F3980720019D9E4 /* Base */,
			);
			name = Main.storyboard;
			sourceTree = "<group>";
		};
		CD43C2691F3980720019D9E4 /* LaunchScreen.storyboard */ = {
			isa = PBXVariantGroup;
			children = (
				CD43C26A1F3980720019D9E4 /* Base */,
			);
			name = LaunchScreen.storyboard;
			sourceTree = "<group>";
		};
/* End PBXVariantGroup section */

/* Begin XCBuildConfiguration section */
		CD43C26D1F3980720019D9E4 /* Debug */ = {
			isa = XCBuildConfiguration;
			buildSettings = {
				ALWAYS_SEARCH_USER_PATHS = NO;
				CLANG_ANALYZER_NONNULL = YES;
				CLANG_ANALYZER_NUMBER_OBJECT_CONVERSION = YES_AGGRESSIVE;
				CLANG_CXX_LANGUAGE_STANDARD = "gnu++0x";
				CLANG_CXX_LIBRARY = "libc++";
				CLANG_ENABLE_MODULES = YES;
				CLANG_ENABLE_OBJC_ARC = YES;
				CLANG_WARN_BOOL_CONVERSION = YES;
				CLANG_WARN_CONSTANT_CONVERSION = YES;
				CLANG_WARN_DIRECT_OBJC_ISA_USAGE = YES_ERROR;
				CLANG_WARN_DOCUMENTATION_COMMENTS = YES;
				CLANG_WARN_EMPTY_BODY = YES;
				CLANG_WARN_ENUM_CONVERSION = YES;
				CLANG_WARN_INFINITE_RECURSION = YES;
				CLANG_WARN_INT_CONVERSION = YES;
				CLANG_WARN_OBJC_ROOT_CLASS = YES_ERROR;
				CLANG_WARN_SUSPICIOUS_MOVE = YES;
				CLANG_WARN_UNREACHABLE_CODE = YES;
				CLANG_WARN__DUPLICATE_METHOD_MATCH = YES;
				"CODE_SIGN_IDENTITY[sdk=iphoneos*]" = "iPhone Developer";
				COPY_PHASE_STRIP = NO;
				DEBUG_INFORMATION_FORMAT = dwarf;
				ENABLE_STRICT_OBJC_MSGSEND = YES;
				ENABLE_TESTABILITY = YES;
				GCC_C_LANGUAGE_STANDARD = gnu99;
				GCC_DYNAMIC_NO_PIC = NO;
				GCC_NO_COMMON_BLOCKS = YES;
				GCC_OPTIMIZATION_LEVEL = 0;
				GCC_PREPROCESSOR_DEFINITIONS = (
					"DEBUG=1",
					"$(inherited)",
				);
				GCC_WARN_64_TO_32_BIT_CONVERSION = YES;
				GCC_WARN_ABOUT_RETURN_TYPE = YES_ERROR;
				GCC_WARN_UNDECLARED_SELECTOR = YES;
				GCC_WARN_UNINITIALIZED_AUTOS = YES_AGGRESSIVE;
				GCC_WARN_UNUSED_FUNCTION = YES;
				GCC_WARN_UNUSED_VARIABLE = YES;
				IPHONEOS_DEPLOYMENT_TARGET = 10.3;
				MTL_ENABLE_DEBUG_INFO = YES;
				ONLY_ACTIVE_ARCH = YES;
				SDKROOT = iphoneos;
				SWIFT_ACTIVE_COMPILATION_CONDITIONS = DEBUG;
				SWIFT_OPTIMIZATION_LEVEL = "-Onone";
			};
			name = Debug;
		};
		CD43C26E1F3980720019D9E4 /* Release */ = {
			isa = XCBuildConfiguration;
			buildSettings = {
				ALWAYS_SEARCH_USER_PATHS = NO;
				CLANG_ANALYZER_NONNULL = YES;
				CLANG_ANALYZER_NUMBER_OBJECT_CONVERSION = YES_AGGRESSIVE;
				CLANG_CXX_LANGUAGE_STANDARD = "gnu++0x";
				CLANG_CXX_LIBRARY = "libc++";
				CLANG_ENABLE_MODULES = YES;
				CLANG_ENABLE_OBJC_ARC = YES;
				CLANG_WARN_BOOL_CONVERSION = YES;
				CLANG_WARN_CONSTANT_CONVERSION = YES;
				CLANG_WARN_DIRECT_OBJC_ISA_USAGE = YES_ERROR;
				CLANG_WARN_DOCUMENTATION_COMMENTS = YES;
				CLANG_WARN_EMPTY_BODY = YES;
				CLANG_WARN_ENUM_CONVERSION = YES;
				CLANG_WARN_INFINITE_RECURSION = YES;
				CLANG_WARN_INT_CONVERSION = YES;
				CLANG_WARN_OBJC_ROOT_CLASS = YES_ERROR;
				CLANG_WARN_SUSPICIOUS_MOVE = YES;
				CLANG_WARN_UNREACHABLE_CODE = YES;
				CLANG_WARN__DUPLICATE_METHOD_MATCH = YES;
				"CODE_SIGN_IDENTITY[sdk=iphoneos*]" = "iPhone Developer";
				COPY_PHASE_STRIP = NO;
				DEBUG_INFORMATION_FORMAT = "dwarf-with-dsym";
				ENABLE_NS_ASSERTIONS = NO;
				ENABLE_STRICT_OBJC_MSGSEND = YES;
				GCC_C_LANGUAGE_STANDARD = gnu99;
				GCC_NO_COMMON_BLOCKS = YES;
				GCC_WARN_64_TO_32_BIT_CONVERSION = YES;
				GCC_WARN_ABOUT_RETURN_TYPE = YES_ERROR;
				GCC_WARN_UNDECLARED_SELECTOR = YES;
				GCC_WARN_UNINITIALIZED_AUTOS = YES_AGGRESSIVE;
				GCC_WARN_UNUSED_FUNCTION = YES;
				GCC_WARN_UNUSED_VARIABLE = YES;
				IPHONEOS_DEPLOYMENT_TARGET = 10.3;
				MTL_ENABLE_DEBUG_INFO = NO;
				SDKROOT = iphoneos;
				SWIFT_OPTIMIZATION_LEVEL = "-Owholemodule";
				VALIDATE_PRODUCT = YES;
			};
			name = Release;
		};
		CD43C2701F3980720019D9E4 /* Debug */ = {
			isa = XCBuildConfiguration;
			baseConfigurationReference = 3C3C97FBD39D0D14D8CE1CC0 /* Pods-MedApp.debug.xcconfig */;
			buildSettings = {
				ASSETCATALOG_COMPILER_APPICON_NAME = AppIcon;
				INFOPLIST_FILE = MedApp/Info.plist;
				LD_RUNPATH_SEARCH_PATHS = "$(inherited) @executable_path/Frameworks";
				PRODUCT_BUNDLE_IDENTIFIER = com.philipstarner.medapp.MedApp;
				PRODUCT_NAME = "$(TARGET_NAME)";
				SWIFT_VERSION = 3.0;
			};
			name = Debug;
		};
		CD43C2711F3980720019D9E4 /* Release */ = {
			isa = XCBuildConfiguration;
			baseConfigurationReference = E4DC0644A99B5F1021FE2520 /* Pods-MedApp.release.xcconfig */;
			buildSettings = {
				ASSETCATALOG_COMPILER_APPICON_NAME = AppIcon;
				INFOPLIST_FILE = MedApp/Info.plist;
				LD_RUNPATH_SEARCH_PATHS = "$(inherited) @executable_path/Frameworks";
				PRODUCT_BUNDLE_IDENTIFIER = com.philipstarner.medapp.MedApp;
				PRODUCT_NAME = "$(TARGET_NAME)";
				SWIFT_VERSION = 3.0;
			};
			name = Release;
		};
/* End XCBuildConfiguration section */

/* Begin XCConfigurationList section */
		CD43C2581F3980720019D9E4 /* Build configuration list for PBXProject "MedApp" */ = {
			isa = XCConfigurationList;
			buildConfigurations = (
				CD43C26D1F3980720019D9E4 /* Debug */,
				CD43C26E1F3980720019D9E4 /* Release */,
			);
			defaultConfigurationIsVisible = 0;
			defaultConfigurationName = Release;
		};
		CD43C26F1F3980720019D9E4 /* Build configuration list for PBXNativeTarget "MedApp" */ = {
			isa = XCConfigurationList;
			buildConfigurations = (
				CD43C2701F3980720019D9E4 /* Debug */,
				CD43C2711F3980720019D9E4 /* Release */,
			);
			defaultConfigurationIsVisible = 0;
			defaultConfigurationName = Release;
		};
/* End XCConfigurationList section */
	};
	rootObject = CD43C2551F3980720019D9E4 /* Project object */;
}
